
Microsoft Visual Studio Solution File, Format Version 12.00
# Visual Studio Version 16
VisualStudioVersion = 16.0.30320.27
MinimumVisualStudioVersion = 10.0.40219.1
Project("{9A19103F-16F7-4668-BE54-9A1E7A4F7556}") = "micrpService1", "micrpService1.csproj", "{C8E1A560-FA85-4542-A6A0-832BE942EDCA}"
EndProject
Project("{FAE04EC0-301F-11D3-BF4B-00C04F79EFBC}") = "myApplicationCAllingMicroService", "..\myApplicationCAllingMicroService\myApplicationCAllingMicroService.csproj", "{BBD14935-C4D3-437F-998B-BE5FF046BF45}"
EndProject
Project("{9A19103F-16F7-4668-BE54-9A1E7A4F7556}") = "micrpService2", "..\micrpService2\micrpService2.csproj", "{439773E5-2F4A-4379-B668-063619AE6767}"
EndProject
Project("{9A19103F-16F7-4668-BE54-9A1E7A4F7556}") = "gateway", "..\gateway\gateway.csproj", "{0548AD08-EEF8-4ED8-B9E2-A4B53F119983}"
EndProject
Project("{9A19103F-16F7-4668-BE54-9A1E7A4F7556}") = "WebApplicationLogger", "..\WebApplicationLogger\WebApplicationLogger.csproj", "{CCE01244-8F6F-402B-A626-8FC83E7D2196}"
EndProject
Global
	GlobalSection(SolutionConfigurationPlatforms) = preSolution
		Debug|Any CPU = Debug|Any CPU
		Release|Any CPU = Release|Any CPU
	EndGlobalSection
	GlobalSection(ProjectConfigurationPlatforms) = postSolution
		{C8E1A560-FA85-4542-A6A0-832BE942EDCA}.Debug|Any CPU.ActiveCfg = Debug|Any CPU
		{C8E1A560-FA85-4542-A6A0-832BE942EDCA}.Debug|Any CPU.Build.0 = Debug|Any CPU
		{C8E1A560-FA85-4542-A6A0-832BE942EDCA}.Release|Any CPU.ActiveCfg = Release|Any CPU
		{C8E1A560-FA85-4542-A6A0-832BE942EDCA}.Release|Any CPU.Build.0 = Release|Any CPU
		{BBD14935-C4D3-437F-998B-BE5FF046BF45}.Debug|Any CPU.ActiveCfg = Debug|Any CPU
		{BBD14935-C4D3-437F-998B-BE5FF046BF45}.Debug|Any CPU.Build.0 = Debug|Any CPU
		{BBD14935-C4D3-437F-998B-BE5FF046BF45}.Release|Any CPU.ActiveCfg = Release|Any CPU
		{BBD14935-C4D3-437F-998B-BE5FF046BF45}.Release|Any CPU.Build.0 = Release|Any CPU
		{439773E5-2F4A-4379-B668-063619AE6767}.Debug|Any CPU.ActiveCfg = Debug|Any CPU
		{439773E5-2F4A-4379-B668-063619AE6767}.Debug|Any CPU.Build.0 = Debug|Any CPU
		{439773E5-2F4A-4379-B668-063619AE6767}.Release|Any CPU.ActiveCfg = Release|Any CPU
		{439773E5-2F4A-4379-B668-063619AE6767}.Release|Any CPU.Build.0 = Release|Any CPU
		{0548AD08-EEF8-4ED8-B9E2-A4B53F119983}.Debug|Any CPU.ActiveCfg = Debug|Any CPU
		{0548AD08-EEF8-4ED8-B9E2-A4B53F119983}.Debug|Any CPU.Build.0 = Debug|Any CPU
		{0548AD08-EEF8-4ED8-B9E2-A4B53F119983}.Release|Any CPU.ActiveCfg = Release|Any CPU
		{0548AD08-EEF8-4ED8-B9E2-A4B53F119983}.Release|Any CPU.Build.0 = Release|Any CPU
		{CCE01244-8F6F-402B-A626-8FC83E7D2196}.Debug|Any CPU.ActiveCfg = Debug|Any CPU
		{CCE01244-8F6F-402B-A626-8FC83E7D2196}.Debug|Any CPU.Build.0 = Debug|Any CPU
		{CCE01244-8F6F-402B-A626-8FC83E7D2196}.Release|Any CPU.ActiveCfg = Release|Any CPU
		{CCE01244-8F6F-402B-A626-8FC83E7D2196}.Release|Any CPU.Build.0 = Release|Any CPU
	EndGlobalSection
	GlobalSection(SolutionProperties) = preSolution
		HideSolutionNode = FALSE
	EndGlobalSection
	GlobalSection(ExtensibilityGlobals) = postSolution
		SolutionGuid = {A2A15B7F-41C5-4FDC-BE14-9AA456F5E9D4}
	EndGlobalSection
EndGlobal
